
Microsoft Visual Studio Solution File, Format Version 12.00
# Visual Studio Version 17
VisualStudioVersion = 17.3.32901.215
MinimumVisualStudioVersion = 10.0.40219.1
Project("{8BC9CEB8-8B4A-11D0-8D11-00A0C91BC942}") = "Thermostat", "Thermostat\Thermostat.vcxproj", "{9C401A07-C911-4DBC-B40F-1851B1D6E73A}"
EndProject
Project("{8BC9CEB8-8B4A-11D0-8D11-00A0C91BC942}") = "Template", "Template\Template.vcxproj", "{1CACCE46-09AC-486B-8893-05AE5D4437C8}"
EndProject
Global
	GlobalSection(SolutionConfigurationPlatforms) = preSolution
		Debug|x64 = Debug|x64
		Debug|x86 = Debug|x86
		Release|x64 = Release|x64
		Release|x86 = Release|x86
	EndGlobalSection
	GlobalSection(ProjectConfigurationPlatforms) = postSolution
		{9C401A07-C911-4DBC-B40F-1851B1D6E73A}.Debug|x64.ActiveCfg = Debug|x64
		{9C401A07-C911-4DBC-B40F-1851B1D6E73A}.Debug|x64.Build.0 = Debug|x64
		{9C401A07-C911-4DBC-B40F-1851B1D6E73A}.Debug|x86.ActiveCfg = Debug|Win32
		{9C401A07-C911-4DBC-B40F-1851B1D6E73A}.Debug|x86.Build.0 = Debug|Win32
		{9C401A07-C911-4DBC-B40F-1851B1D6E73A}.Release|x64.ActiveCfg = Release|x64
		{9C401A07-C911-4DBC-B40F-1851B1D6E73A}.Release|x64.Build.0 = Release|x64
		{9C401A07-C911-4DBC-B40F-1851B1D6E73A}.Release|x86.ActiveCfg = Release|Win32
		{9C401A07-C911-4DBC-B40F-1851B1D6E73A}.Release|x86.Build.0 = Release|Win32
		{1CACCE46-09AC-486B-8893-05AE5D4437C8}.Debug|x64.ActiveCfg = Debug|x64
		{1CACCE46-09AC-486B-8893-05AE5D4437C8}.Debug|x64.Build.0 = Debug|x64
		{1CACCE46-09AC-486B-8893-05AE5D4437C8}.Debug|x86.ActiveCfg = Debug|Win32
		{1CACCE46-09AC-486B-8893-05AE5D4437C8}.Debug|x86.Build.0 = Debug|Win32
		{1CACCE46-09AC-486B-8893-05AE5D4437C8}.Release|x64.ActiveCfg = Release|x64
		{1CACCE46-09AC-486B-8893-05AE5D4437C8}.Release|x64.Build.0 = Release|x64
		{1CACCE46-09AC-486B-8893-05AE5D4437C8}.Release|x86.ActiveCfg = Release|Win32
		{1CACCE46-09AC-486B-8893-05AE5D4437C8}.Release|x86.Build.0 = Release|Win32
	EndGlobalSection
	GlobalSection(SolutionProperties) = preSolution
		HideSolutionNode = FALSE
	EndGlobalSection
	GlobalSection(ExtensibilityGlobals) = postSolution
		SolutionGuid = {965C648A-2542-4FE5-B6FD-845956CCBA21}
	EndGlobalSection
EndGlobal
